// !$*UTF8*$!
{
	archiveVersion = 1;
	classes = {
	};
	objectVersion = 46;
	objects = {

/* Begin PBXBuildFile section */
		A3A590001D2B622000FFE939 /* SwipeUpInteractiveTransition.m in Sources */ = {isa = PBXBuildFile; fileRef = A3A58FFF1D2B622000FFE939 /* SwipeUpInteractiveTransition.m */; };
		A3C24A941D1BD82400EE052C /* main.m in Sources */ = {isa = PBXBuildFile; fileRef = A3C24A931D1BD82400EE052C /* main.m */; };
		A3C24A971D1BD82400EE052C /* AppDelegate.m in Sources */ = {isa = PBXBuildFile; fileRef = A3C24A961D1BD82400EE052C /* AppDelegate.m */; };
		A3C24A9D1D1BD82400EE052C /* Main.storyboard in Resources */ = {isa = PBXBuildFile; fileRef = A3C24A9B1D1BD82400EE052C /* Main.storyboard */; };
		A3C24A9F1D1BD82400EE052C /* Assets.xcassets in Resources */ = {isa = PBXBuildFile; fileRef = A3C24A9E1D1BD82400EE052C /* Assets.xcassets */; };
		A3C24AA21D1BD82400EE052C /* LaunchScreen.storyboard in Resources */ = {isa = PBXBuildFile; fileRef = A3C24AA01D1BD82400EE052C /* LaunchScreen.storyboard */; };
		A3C24AAD1D1BD82400EE052C /* ADanVCTransitionDemoTests.m in Sources */ = {isa = PBXBuildFile; fileRef = A3C24AAC1D1BD82400EE052C /* ADanVCTransitionDemoTests.m */; };
		A3C24AB81D1BD82400EE052C /* ADanVCTransitionDemoUITests.m in Sources */ = {isa = PBXBuildFile; fileRef = A3C24AB71D1BD82400EE052C /* ADanVCTransitionDemoUITests.m */; };
		A3C24AC71D1BD86200EE052C /* ModalViewController.m in Sources */ = {isa = PBXBuildFile; fileRef = A3C24AC61D1BD86200EE052C /* ModalViewController.m */; };
		A3C24ACA1D1BD8D100EE052C /* MainViewController.m in Sources */ = {isa = PBXBuildFile; fileRef = A3C24AC91D1BD8D100EE052C /* MainViewController.m */; };
		A3C24ACD1D1BD9B000EE052C /* BouncePresentAnimation.m in Sources */ = {isa = PBXBuildFile; fileRef = A3C24ACC1D1BD9B000EE052C /* BouncePresentAnimation.m */; };
		A3CA19B01D3F2C5200393881 /* NormalDismissAnimation.m in Sources */ = {isa = PBXBuildFile; fileRef = A3CA19AF1D3F2C5200393881 /* NormalDismissAnimation.m */; };
/* End PBXBuildFile section */

/* Begin PBXContainerItemProxy section */
		A3C24AA91D1BD82400EE052C /* PBXContainerItemProxy */ = {
			isa = PBXContainerItemProxy;
			containerPortal = A3C24A871D1BD82400EE052C /* Project object */;
			proxyType = 1;
			remoteGlobalIDString = A3C24A8E1D1BD82400EE052C;
			remoteInfo = ADanVCTransitionDemo;
		};
		A3C24AB41D1BD82400EE052C /* PBXContainerItemProxy */ = {
			isa = PBXContainerItemProxy;
			containerPortal = A3C24A871D1BD82400EE052C /* Project object */;
			proxyType = 1;
			remoteGlobalIDString = A3C24A8E1D1BD82400EE052C;
			remoteInfo = ADanVCTransitionDemo;
		};
/* End PBXContainerItemProxy section */

/* Begin PBXFileReference section */
		A3A58FFE1D2B622000FFE939 /* SwipeUpInteractiveTransition.h */ = {isa = PBXFileReference; fileEncoding = 4; lastKnownFileType = sourcecode.c.h; path = SwipeUpInteractiveTransition.h; sourceTree = "<group>"; };
		A3A58FFF1D2B622000FFE939 /* SwipeUpInteractiveTransition.m */ = {isa = PBXFileReference; fileEncoding = 4; lastKnownFileType = sourcecode.c.objc; path = SwipeUpInteractiveTransition.m; sourceTree = "<group>"; };
		A3C24A8F1D1BD82400EE052C /* ADanVCTransitionDemo.app */ = {isa = PBXFileReference; explicitFileType = wrapper.application; includeInIndex = 0; path = ADanVCTransitionDemo.app; sourceTree = BUILT_PRODUCTS_DIR; };
		A3C24A931D1BD82400EE052C /* main.m */ = {isa = PBXFileReference; lastKnownFileType = sourcecode.c.objc; path = main.m; sourceTree = "<group>"; };
		A3C24A951D1BD82400EE052C /* AppDelegate.h */ = {isa = PBXFileReference; lastKnownFileType = sourcecode.c.h; path = AppDelegate.h; sourceTree = "<group>"; };
		A3C24A961D1BD82400EE052C /* AppDelegate.m */ = {isa = PBXFileReference; lastKnownFileType = sourcecode.c.objc; path = AppDelegate.m; sourceTree = "<group>"; };
		A3C24A9C1D1BD82400EE052C /* Base */ = {isa = PBXFileReference; lastKnownFileType = file.storyboard; name = Base; path = Base.lproj/Main.storyboard; sourceTree = "<group>"; };
		A3C24A9E1D1BD82400EE052C /* Assets.xcassets */ = {isa = PBXFileReference; lastKnownFileType = folder.assetcatalog; path = Assets.xcassets; sourceTree = "<group>"; };
		A3C24AA11D1BD82400EE052C /* Base */ = {isa = PBXFileReference; lastKnownFileType = file.storyboard; name = Base; path = Base.lproj/LaunchScreen.storyboard; sourceTree = "<group>"; };
		A3C24AA31D1BD82400EE052C /* Info.plist */ = {isa = PBXFileReference; lastKnownFileType = text.plist.xml; path = Info.plist; sourceTree = "<group>"; };
		A3C24AA81D1BD82400EE052C /* ADanVCTransitionDemoTests.xctest */ = {isa = PBXFileReference; explicitFileType = wrapper.cfbundle; includeInIndex = 0; path = ADanVCTransitionDemoTests.xctest; sourceTree = BUILT_PRODUCTS_DIR; };
		A3C24AAC1D1BD82400EE052C /* ADanVCTransitionDemoTests.m */ = {isa = PBXFileReference; lastKnownFileType = sourcecode.c.objc; path = ADanVCTransitionDemoTests.m; sourceTree = "<group>"; };
		A3C24AAE1D1BD82400EE052C /* Info.plist */ = {isa = PBXFileReference; lastKnownFileType = text.plist.xml; path = Info.plist; sourceTree = "<group>"; };
		A3C24AB31D1BD82400EE052C /* ADanVCTransitionDemoUITests.xctest */ = {isa = PBXFileReference; explicitFileType = wrapper.cfbundle; includeInIndex = 0; path = ADanVCTransitionDemoUITests.xctest; sourceTree = BUILT_PRODUCTS_DIR; };
		A3C24AB71D1BD82400EE052C /* ADanVCTransitionDemoUITests.m */ = {isa = PBXFileReference; lastKnownFileType = sourcecode.c.objc; path = ADanVCTransitionDemoUITests.m; sourceTree = "<group>"; };
		A3C24AB91D1BD82400EE052C /* Info.plist */ = {isa = PBXFileReference; lastKnownFileType = text.plist.xml; path = Info.plist; sourceTree = "<group>"; };
		A3C24AC51D1BD86200EE052C /* ModalViewController.h */ = {isa = PBXFileReference; fileEncoding = 4; lastKnownFileType = sourcecode.c.h; path = ModalViewController.h; sourceTree = "<group>"; };
		A3C24AC61D1BD86200EE052C /* ModalViewController.m */ = {isa = PBXFileReference; fileEncoding = 4; lastKnownFileType = sourcecode.c.objc; path = ModalViewController.m; sourceTree = "<group>"; };
		A3C24AC81D1BD8D100EE052C /* MainViewController.h */ = {isa = PBXFileReference; fileEncoding = 4; lastKnownFileType = sourcecode.c.h; path = MainViewController.h; sourceTree = "<group>"; };
		A3C24AC91D1BD8D100EE052C /* MainViewController.m */ = {isa = PBXFileReference; fileEncoding = 4; lastKnownFileType = sourcecode.c.objc; path = MainViewController.m; sourceTree = "<group>"; };
		A3C24ACB1D1BD9B000EE052C /* BouncePresentAnimation.h */ = {isa = PBXFileReference; fileEncoding = 4; lastKnownFileType = sourcecode.c.h; path = BouncePresentAnimation.h; sourceTree = "<group>"; };
		A3C24ACC1D1BD9B000EE052C /* BouncePresentAnimation.m */ = {isa = PBXFileReference; fileEncoding = 4; lastKnownFileType = sourcecode.c.objc; path = BouncePresentAnimation.m; sourceTree = "<group>"; };
		A3CA19AE1D3F2C5200393881 /* NormalDismissAnimation.h */ = {isa = PBXFileReference; fileEncoding = 4; lastKnownFileType = sourcecode.c.h; path = NormalDismissAnimation.h; sourceTree = "<group>"; };
		A3CA19AF1D3F2C5200393881 /* NormalDismissAnimation.m */ = {isa = PBXFileReference; fileEncoding = 4; lastKnownFileType = sourcecode.c.objc; path = NormalDismissAnimation.m; sourceTree = "<group>"; };
/* End PBXFileReference section */

/* Begin PBXFrameworksBuildPhase section */
		A3C24A8C1D1BD82400EE052C /* Frameworks */ = {
			isa = PBXFrameworksBuildPhase;
			buildActionMask = 2147483647;
			files = (
			);
			runOnlyForDeploymentPostprocessing = 0;
		};
		A3C24AA51D1BD82400EE052C /* Frameworks */ = {
			isa = PBXFrameworksBuildPhase;
			buildActionMask = 2147483647;
			files = (
			);
			runOnlyForDeploymentPostprocessing = 0;
		};
		A3C24AB01D1BD82400EE052C /* Frameworks */ = {
			isa = PBXFrameworksBuildPhase;
			buildActionMask = 2147483647;
			files = (
			);
			runOnlyForDeploymentPostprocessing = 0;
		};
/* End PBXFrameworksBuildPhase section */

/* Begin PBXGroup section */
		A3C24A861D1BD82400EE052C = {
			isa = PBXGroup;
			children = (
				A3C24A911D1BD82400EE052C /* ADanVCTransitionDemo */,
				A3C24AAB1D1BD82400EE052C /* ADanVCTransitionDemoTests */,
				A3C24AB61D1BD82400EE052C /* ADanVCTransitionDemoUITests */,
				A3C24A901D1BD82400EE052C /* Products */,
			);
			sourceTree = "<group>";
		};
		A3C24A901D1BD82400EE052C /* Products */ = {
			isa = PBXGroup;
			children = (
				A3C24A8F1D1BD82400EE052C /* ADanVCTransitionDemo.app */,
				A3C24AA81D1BD82400EE052C /* ADanVCTransitionDemoTests.xctest */,
				A3C24AB31D1BD82400EE052C /* ADanVCTransitionDemoUITests.xctest */,
			);
			name = Products;
			sourceTree = "<group>";
		};
		A3C24A911D1BD82400EE052C /* ADanVCTransitionDemo */ = {
			isa = PBXGroup;
			children = (
				A3C24A951D1BD82400EE052C /* AppDelegate.h */,
				A3C24A961D1BD82400EE052C /* AppDelegate.m */,
				A3C24AC81D1BD8D100EE052C /* MainViewController.h */,
				A3C24AC91D1BD8D100EE052C /* MainViewController.m */,
				A3A58FFE1D2B622000FFE939 /* SwipeUpInteractiveTransition.h */,
				A3A58FFF1D2B622000FFE939 /* SwipeUpInteractiveTransition.m */,
				A3C24AC51D1BD86200EE052C /* ModalViewController.h */,
				A3C24AC61D1BD86200EE052C /* ModalViewController.m */,
				A3C24ACB1D1BD9B000EE052C /* BouncePresentAnimation.h */,
				A3C24ACC1D1BD9B000EE052C /* BouncePresentAnimation.m */,
				A3CA19AE1D3F2C5200393881 /* NormalDismissAnimation.h */,
				A3CA19AF1D3F2C5200393881 /* NormalDismissAnimation.m */,
				A3C24A9B1D1BD82400EE052C /* Main.storyboard */,
				A3C24A9E1D1BD82400EE052C /* Assets.xcassets */,
				A3C24AA01D1BD82400EE052C /* LaunchScreen.storyboard */,
				A3C24AA31D1BD82400EE052C /* Info.plist */,
				A3C24A921D1BD82400EE052C /* Supporting Files */,
			);
			path = ADanVCTransitionDemo;
			sourceTree = "<group>";
		};
		A3C24A921D1BD82400EE052C /* Supporting Files */ = {
			isa = PBXGroup;
			children = (
				A3C24A931D1BD82400EE052C /* main.m */,
			);
			name = "Supporting Files";
			sourceTree = "<group>";
		};
		A3C24AAB1D1BD82400EE052C /* ADanVCTransitionDemoTests */ = {
			isa = PBXGroup;
			children = (
				A3C24AAC1D1BD82400EE052C /* ADanVCTransitionDemoTests.m */,
				A3C24AAE1D1BD82400EE052C /* Info.plist */,
			);
			path = ADanVCTransitionDemoTests;
			sourceTree = "<group>";
		};
		A3C24AB61D1BD82400EE052C /* ADanVCTransitionDemoUITests */ = {
			isa = PBXGroup;
			children = (
				A3C24AB71D1BD82400EE052C /* ADanVCTransitionDemoUITests.m */,
				A3C24AB91D1BD82400EE052C /* Info.plist */,
			);
			path = ADanVCTransitionDemoUITests;
			sourceTree = "<group>";
		};
/* End PBXGroup section */

/* Begin PBXNativeTarget section */
		A3C24A8E1D1BD82400EE052C /* ADanVCTransitionDemo */ = {
			isa = PBXNativeTarget;
			buildConfigurationList = A3C24ABC1D1BD82400EE052C /* Build configuration list for PBXNativeTarget "ADanVCTransitionDemo" */;
			buildPhases = (
				A3C24A8B1D1BD82400EE052C /* Sources */,
				A3C24A8C1D1BD82400EE052C /* Frameworks */,
				A3C24A8D1D1BD82400EE052C /* Resources */,
			);
			buildRules = (
			);
			dependencies = (
			);
			name = ADanVCTransitionDemo;
			productName = ADanVCTransitionDemo;
			productReference = A3C24A8F1D1BD82400EE052C /* ADanVCTransitionDemo.app */;
			productType = "com.apple.product-type.application";
		};
		A3C24AA71D1BD82400EE052C /* ADanVCTransitionDemoTests */ = {
			isa = PBXNativeTarget;
			buildConfigurationList = A3C24ABF1D1BD82400EE052C /* Build configuration list for PBXNativeTarget "ADanVCTransitionDemoTests" */;
			buildPhases = (
				A3C24AA41D1BD82400EE052C /* Sources */,
				A3C24AA51D1BD82400EE052C /* Frameworks */,
				A3C24AA61D1BD82400EE052C /* Resources */,
			);
			buildRules = (
			);
			dependencies = (
				A3C24AAA1D1BD82400EE052C /* PBXTargetDependency */,
			);
			name = ADanVCTransitionDemoTests;
			productName = ADanVCTransitionDemoTests;
			productReference = A3C24AA81D1BD82400EE052C /* ADanVCTransitionDemoTests.xctest */;
			productType = "com.apple.product-type.bundle.unit-test";
		};
		A3C24AB21D1BD82400EE052C /* ADanVCTransitionDemoUITests */ = {
			isa = PBXNativeTarget;
			buildConfigurationList = A3C24AC21D1BD82400EE052C /* Build configuration list for PBXNativeTarget "ADanVCTransitionDemoUITests" */;
			buildPhases = (
				A3C24AAF1D1BD82400EE052C /* Sources */,
				A3C24AB01D1BD82400EE052C /* Frameworks */,
				A3C24AB11D1BD82400EE052C /* Resources */,
			);
			buildRules = (
			);
			dependencies = (
				A3C24AB51D1BD82400EE052C /* PBXTargetDependency */,
			);
			name = ADanVCTransitionDemoUITests;
			productName = ADanVCTransitionDemoUITests;
			productReference = A3C24AB31D1BD82400EE052C /* ADanVCTransitionDemoUITests.xctest */;
			productType = "com.apple.product-type.bundle.ui-testing";
		};
/* End PBXNativeTarget section */

/* Begin PBXProject section */
		A3C24A871D1BD82400EE052C /* Project object */ = {
			isa = PBXProject;
			attributes = {
				LastUpgradeCheck = 0730;
				ORGANIZATIONNAME = "王海丹";
				TargetAttributes = {
					A3C24A8E1D1BD82400EE052C = {
						CreatedOnToolsVersion = 7.3.1;
					};
					A3C24AA71D1BD82400EE052C = {
						CreatedOnToolsVersion = 7.3.1;
						TestTargetID = A3C24A8E1D1BD82400EE052C;
					};
					A3C24AB21D1BD82400EE052C = {
						CreatedOnToolsVersion = 7.3.1;
						TestTargetID = A3C24A8E1D1BD82400EE052C;
					};
				};
			};
			buildConfigurationList = A3C24A8A1D1BD82400EE052C /* Build configuration list for PBXProject "ADanVCTransitionDemo" */;
			compatibilityVersion = "Xcode 3.2";
			developmentRegion = English;
			hasScannedForEncodings = 0;
			knownRegions = (
				en,
				Base,
			);
			mainGroup = A3C24A861D1BD82400EE052C;
			productRefGroup = A3C24A901D1BD82400EE052C /* Products */;
			projectDirPath = "";
			projectRoot = "";
			targets = (
				A3C24A8E1D1BD82400EE052C /* ADanVCTransitionDemo */,
				A3C24AA71D1BD82400EE052C /* ADanVCTransitionDemoTests */,
				A3C24AB21D1BD82400EE052C /* ADanVCTransitionDemoUITests */,
			);
		};
/* End PBXProject section */

/* Begin PBXResourcesBuildPhase section */
		A3C24A8D1D1BD82400EE052C /* Resources */ = {
			isa = PBXResourcesBuildPhase;
			buildActionMask = 2147483647;
			files = (
				A3C24AA21D1BD82400EE052C /* LaunchScreen.storyboard in Resources */,
				A3C24A9F1D1BD82400EE052C /* Assets.xcassets in Resources */,
				A3C24A9D1D1BD82400EE052C /* Main.storyboard in Resources */,
			);
			runOnlyForDeploymentPostprocessing = 0;
		};
		A3C24AA61D1BD82400EE052C /* Resources */ = {
			isa = PBXResourcesBuildPhase;
			buildActionMask = 2147483647;
			files = (
			);
			runOnlyForDeploymentPostprocessing = 0;
		};
		A3C24AB11D1BD82400EE052C /* Resources */ = {
			isa = PBXResourcesBuildPhase;
			buildActionMask = 2147483647;
			files = (
			);
			runOnlyForDeploymentPostprocessing = 0;
		};
/* End PBXResourcesBuildPhase section */

/* Begin PBXSourcesBuildPhase section */
		A3C24A8B1D1BD82400EE052C /* Sources */ = {
			isa = PBXSourcesBuildPhase;
			buildActionMask = 2147483647;
			files = (
				A3C24ACD1D1BD9B000EE052C /* BouncePresentAnimation.m in Sources */,
				A3C24AC71D1BD86200EE052C /* ModalViewController.m in Sources */,
				A3CA19B01D3F2C5200393881 /* NormalDismissAnimation.m in Sources */,
				A3C24A971D1BD82400EE052C /* AppDelegate.m in Sources */,
				A3C24ACA1D1BD8D100EE052C /* MainViewController.m in Sources */,
				A3C24A941D1BD82400EE052C /* main.m in Sources */,
				A3A590001D2B622000FFE939 /* SwipeUpInteractiveTransition.m in Sources */,
			);
			runOnlyForDeploymentPostprocessing = 0;
		};
		A3C24AA41D1BD82400EE052C /* Sources */ = {
			isa = PBXSourcesBuildPhase;
			buildActionMask = 2147483647;
			files = (
				A3C24AAD1D1BD82400EE052C /* ADanVCTransitionDemoTests.m in Sources */,
			);
			runOnlyForDeploymentPostprocessing = 0;
		};
		A3C24AAF1D1BD82400EE052C /* Sources */ = {
			isa = PBXSourcesBuildPhase;
			buildActionMask = 2147483647;
			files = (
				A3C24AB81D1BD82400EE052C /* ADanVCTransitionDemoUITests.m in Sources */,
			);
			runOnlyForDeploymentPostprocessing = 0;
		};
/* End PBXSourcesBuildPhase section */

/* Begin PBXTargetDependency section */
		A3C24AAA1D1BD82400EE052C /* PBXTargetDependency */ = {
			isa = PBXTargetDependency;
			target = A3C24A8E1D1BD82400EE052C /* ADanVCTransitionDemo */;
			targetProxy = A3C24AA91D1BD82400EE052C /* PBXContainerItemProxy */;
		};
		A3C24AB51D1BD82400EE052C /* PBXTargetDependency */ = {
			isa = PBXTargetDependency;
			target = A3C24A8E1D1BD82400EE052C /* ADanVCTransitionDemo */;
			targetProxy = A3C24AB41D1BD82400EE052C /* PBXContainerItemProxy */;
		};
/* End PBXTargetDependency section */

/* Begin PBXVariantGroup section */
		A3C24A9B1D1BD82400EE052C /* Main.storyboard */ = {
			isa = PBXVariantGroup;
			children = (
				A3C24A9C1D1BD82400EE052C /* Base */,
			);
			name = Main.storyboard;
			sourceTree = "<group>";
		};
		A3C24AA01D1BD82400EE052C /* LaunchScreen.storyboard */ = {
			isa = PBXVariantGroup;
			children = (
				A3C24AA11D1BD82400EE052C /* Base */,
			);
			name = LaunchScreen.storyboard;
			sourceTree = "<group>";
		};
/* End PBXVariantGroup section */

/* Begin XCBuildConfiguration section */
		A3C24ABA1D1BD82400EE052C /* Debug */ = {
			isa = XCBuildConfiguration;
			buildSettings = {
				ALWAYS_SEARCH_USER_PATHS = NO;
				CLANG_ANALYZER_NONNULL = YES;
				CLANG_CXX_LANGUAGE_STANDARD = "gnu++0x";
				CLANG_CXX_LIBRARY = "libc++";
				CLANG_ENABLE_MODULES = YES;
				CLANG_ENABLE_OBJC_ARC = YES;
				CLANG_WARN_BOOL_CONVERSION = YES;
				CLANG_WARN_CONSTANT_CONVERSION = YES;
				CLANG_WARN_DIRECT_OBJC_ISA_USAGE = YES_ERROR;
				CLANG_WARN_EMPTY_BODY = YES;
				CLANG_WARN_ENUM_CONVERSION = YES;
				CLANG_WARN_INT_CONVERSION = YES;
				CLANG_WARN_OBJC_ROOT_CLASS = YES_ERROR;
				CLANG_WARN_UNREACHABLE_CODE = YES;
				CLANG_WARN__DUPLICATE_METHOD_MATCH = YES;
				"CODE_SIGN_IDENTITY[sdk=iphoneos*]" = "iPhone Developer";
				COPY_PHASE_STRIP = NO;
				DEBUG_INFORMATION_FORMAT = dwarf;
				ENABLE_STRICT_OBJC_MSGSEND = YES;
				ENABLE_TESTABILITY = YES;
				GCC_C_LANGUAGE_STANDARD = gnu99;
				GCC_DYNAMIC_NO_PIC = NO;
				GCC_NO_COMMON_BLOCKS = YES;
				GCC_OPTIMIZATION_LEVEL = 0;
				GCC_PREPROCESSOR_DEFINITIONS = (
					"DEBUG=1",
					"$(inherited)",
				);
				GCC_WARN_64_TO_32_BIT_CONVERSION = YES;
				GCC_WARN_ABOUT_RETURN_TYPE = YES_ERROR;
				GCC_WARN_UNDECLARED_SELECTOR = YES;
				GCC_WARN_UNINITIALIZED_AUTOS = YES_AGGRESSIVE;
				GCC_WARN_UNUSED_FUNCTION = YES;
				GCC_WARN_UNUSED_VARIABLE = YES;
				IPHONEOS_DEPLOYMENT_TARGET = 9.3;
				MTL_ENABLE_DEBUG_INFO = YES;
				ONLY_ACTIVE_ARCH = YES;
				SDKROOT = iphoneos;
			};
			name = Debug;
		};
		A3C24ABB1D1BD82400EE052C /* Release */ = {
			isa = XCBuildConfiguration;
			buildSettings = {
				ALWAYS_SEARCH_USER_PATHS = NO;
				CLANG_ANALYZER_NONNULL = YES;
				CLANG_CXX_LANGUAGE_STANDARD = "gnu++0x";
				CLANG_CXX_LIBRARY = "libc++";
				CLANG_ENABLE_MODULES = YES;
				CLANG_ENABLE_OBJC_ARC = YES;
				CLANG_WARN_BOOL_CONVERSION = YES;
				CLANG_WARN_CONSTANT_CONVERSION = YES;
				CLANG_WARN_DIRECT_OBJC_ISA_USAGE = YES_ERROR;
				CLANG_WARN_EMPTY_BODY = YES;
				CLANG_WARN_ENUM_CONVERSION = YES;
				CLANG_WARN_INT_CONVERSION = YES;
				CLANG_WARN_OBJC_ROOT_CLASS = YES_ERROR;
				CLANG_WARN_UNREACHABLE_CODE = YES;
				CLANG_WARN__DUPLICATE_METHOD_MATCH = YES;
				"CODE_SIGN_IDENTITY[sdk=iphoneos*]" = "iPhone Developer";
				COPY_PHASE_STRIP = NO;
				DEBUG_INFORMATION_FORMAT = "dwarf-with-dsym";
				ENABLE_NS_ASSERTIONS = NO;
				ENABLE_STRICT_OBJC_MSGSEND = YES;
				GCC_C_LANGUAGE_STANDARD = gnu99;
				GCC_NO_COMMON_BLOCKS = YES;
				GCC_WARN_64_TO_32_BIT_CONVERSION = YES;
				GCC_WARN_ABOUT_RETURN_TYPE = YES_ERROR;
				GCC_WARN_UNDECLARED_SELECTOR = YES;
				GCC_WARN_UNINITIALIZED_AUTOS = YES_AGGRESSIVE;
				GCC_WARN_UNUSED_FUNCTION = YES;
				GCC_WARN_UNUSED_VARIABLE = YES;
				IPHONEOS_DEPLOYMENT_TARGET = 9.3;
				MTL_ENABLE_DEBUG_INFO = NO;
				SDKROOT = iphoneos;
				VALIDATE_PRODUCT = YES;
			};
			name = Release;
		};
		A3C24ABD1D1BD82400EE052C /* Debug */ = {
			isa = XCBuildConfiguration;
			buildSettings = {
				ASSETCATALOG_COMPILER_APPICON_NAME = AppIcon;
				INFOPLIST_FILE = ADanVCTransitionDemo/Info.plist;
				IPHONEOS_DEPLOYMENT_TARGET = 8.0;
				LD_RUNPATH_SEARCH_PATHS = "$(inherited) @executable_path/Frameworks";
				PRODUCT_BUNDLE_IDENTIFIER = com.chedaoshanqian.ADanVCTransitionDemo;
				PRODUCT_NAME = "$(TARGET_NAME)";
			};
			name = Debug;
		};
		A3C24ABE1D1BD82400EE052C /* Release */ = {
			isa = XCBuildConfiguration;
			buildSettings = {
				ASSETCATALOG_COMPILER_APPICON_NAME = AppIcon;
				INFOPLIST_FILE = ADanVCTransitionDemo/Info.plist;
				IPHONEOS_DEPLOYMENT_TARGET = 8.0;
				LD_RUNPATH_SEARCH_PATHS = "$(inherited) @executable_path/Frameworks";
				PRODUCT_BUNDLE_IDENTIFIER = com.chedaoshanqian.ADanVCTransitionDemo;
				PRODUCT_NAME = "$(TARGET_NAME)";
			};
			name = Release;
		};
		A3C24AC01D1BD82400EE052C /* Debug */ = {
			isa = XCBuildConfiguration;
			buildSettings = {
				BUNDLE_LOADER = "$(TEST_HOST)";
				INFOPLIST_FILE = ADanVCTransitionDemoTests/Info.plist;
				LD_RUNPATH_SEARCH_PATHS = "$(inherited) @executable_path/Frameworks @loader_path/Frameworks";
				PRODUCT_BUNDLE_IDENTIFIER = com.chedaoshanqian.ADanVCTransitionDemoTests;
				PRODUCT_NAME = "$(TARGET_NAME)";
				TEST_HOST = "$(BUILT_PRODUCTS_DIR)/ADanVCTransitionDemo.app/ADanVCTransitionDemo";
			};
			name = Debug;
		};
		A3C24AC11D1BD82400EE052C /* Release */ = {
			isa = XCBuildConfiguration;
			buildSettings = {
				BUNDLE_LOADER = "$(TEST_HOST)";
				INFOPLIST_FILE = ADanVCTransitionDemoTests/Info.plist;
				LD_RUNPATH_SEARCH_PATHS = "$(inherited) @executable_path/Frameworks @loader_path/Frameworks";
				PRODUCT_BUNDLE_IDENTIFIER = com.chedaoshanqian.ADanVCTransitionDemoTests;
				PRODUCT_NAME = "$(TARGET_NAME)";
				TEST_HOST = "$(BUILT_PRODUCTS_DIR)/ADanVCTransitionDemo.app/ADanVCTransitionDemo";
			};
			name = Release;
		};
		A3C24AC31D1BD82400EE052C /* Debug */ = {
			isa = XCBuildConfiguration;
			buildSettings = {
				INFOPLIST_FILE = ADanVCTransitionDemoUITests/Info.plist;
				LD_RUNPATH_SEARCH_PATHS = "$(inherited) @executable_path/Frameworks @loader_path/Frameworks";
				PRODUCT_BUNDLE_IDENTIFIER = com.chedaoshanqian.ADanVCTransitionDemoUITests;
				PRODUCT_NAME = "$(TARGET_NAME)";
				TEST_TARGET_NAME = ADanVCTransitionDemo;
			};
			name = Debug;
		};
		A3C24AC41D1BD82400EE052C /* Release */ = {
			isa = XCBuildConfiguration;
			buildSettings = {
				INFOPLIST_FILE = ADanVCTransitionDemoUITests/Info.plist;
				LD_RUNPATH_SEARCH_PATHS = "$(inherited) @executable_path/Frameworks @loader_path/Frameworks";
				PRODUCT_BUNDLE_IDENTIFIER = com.chedaoshanqian.ADanVCTransitionDemoUITests;
				PRODUCT_NAME = "$(TARGET_NAME)";
				TEST_TARGET_NAME = ADanVCTransitionDemo;
			};
			name = Release;
		};
/* End XCBuildConfiguration section */

/* Begin XCConfigurationList section */
		A3C24A8A1D1BD82400EE052C /* Build configuration list for PBXProject "ADanVCTransitionDemo" */ = {
			isa = XCConfigurationList;
			buildConfigurations = (
				A3C24ABA1D1BD82400EE052C /* Debug */,
				A3C24ABB1D1BD82400EE052C /* Release */,
			);
			defaultConfigurationIsVisible = 0;
			defaultConfigurationName = Release;
		};
		A3C24ABC1D1BD82400EE052C /* Build configuration list for PBXNativeTarget "ADanVCTransitionDemo" */ = {
			isa = XCConfigurationList;
			buildConfigurations = (
				A3C24ABD1D1BD82400EE052C /* Debug */,
				A3C24ABE1D1BD82400EE052C /* Release */,
			);
			defaultConfigurationIsVisible = 0;
			defaultConfigurationName = Release;
		};
		A3C24ABF1D1BD82400EE052C /* Build configuration list for PBXNativeTarget "ADanVCTransitionDemoTests" */ = {
			isa = XCConfigurationList;
			buildConfigurations = (
				A3C24AC01D1BD82400EE052C /* Debug */,
				A3C24AC11D1BD82400EE052C /* Release */,
			);
			defaultConfigurationIsVisible = 0;
			defaultConfigurationName = Release;
		};
		A3C24AC21D1BD82400EE052C /* Build configuration list for PBXNativeTarget "ADanVCTransitionDemoUITests" */ = {
			isa = XCConfigurationList;
			buildConfigurations = (
				A3C24AC31D1BD82400EE052C /* Debug */,
				A3C24AC41D1BD82400EE052C /* Release */,
			);
			defaultConfigurationIsVisible = 0;
			defaultConfigurationName = Release;
		};
/* End XCConfigurationList section */
	};
	rootObject = A3C24A871D1BD82400EE052C /* Project object */;
}
